
Microsoft Visual Studio Solution File, Format Version 12.00
# Visual Studio Version 17
VisualStudioVersion = 17.7.34024.191
MinimumVisualStudioVersion = 10.0.40219.1
Project("{9A19103F-16F7-4668-BE54-9A1E7A4F7556}") = "Day2", "Day2\Day2.csproj", "{A59E90E6-45BB-4CCB-A560-482DCF167FEF}"
EndProject
Project("{9A19103F-16F7-4668-BE54-9A1E7A4F7556}") = "Day1", "Day1\Day1.csproj", "{C671A109-9697-44AA-9EA0-E0917537E38F}"
EndProject
Project("{9A19103F-16F7-4668-BE54-9A1E7A4F7556}") = "Day3", "Day3\Day3.csproj", "{C140F8A3-DDCD-49D1-9677-CD676F9ED084}"
EndProject
Project("{FAE04EC0-301F-11D3-BF4B-00C04F79EFBC}") = "Day7", "Day7\Day7.csproj", "{6C61479F-38D7-4441-92C9-FF3373C8972E}"
EndProject
Global
	GlobalSection(SolutionConfigurationPlatforms) = preSolution
		Debug|Any CPU = Debug|Any CPU
		Release|Any CPU = Release|Any CPU
	EndGlobalSection
	GlobalSection(ProjectConfigurationPlatforms) = postSolution
		{A59E90E6-45BB-4CCB-A560-482DCF167FEF}.Debug|Any CPU.ActiveCfg = Debug|Any CPU
		{A59E90E6-45BB-4CCB-A560-482DCF167FEF}.Debug|Any CPU.Build.0 = Debug|Any CPU
		{A59E90E6-45BB-4CCB-A560-482DCF167FEF}.Release|Any CPU.ActiveCfg = Release|Any CPU
		{A59E90E6-45BB-4CCB-A560-482DCF167FEF}.Release|Any CPU.Build.0 = Release|Any CPU
		{C671A109-9697-44AA-9EA0-E0917537E38F}.Debug|Any CPU.ActiveCfg = Debug|Any CPU
		{C671A109-9697-44AA-9EA0-E0917537E38F}.Debug|Any CPU.Build.0 = Debug|Any CPU
		{C671A109-9697-44AA-9EA0-E0917537E38F}.Release|Any CPU.ActiveCfg = Release|Any CPU
		{C671A109-9697-44AA-9EA0-E0917537E38F}.Release|Any CPU.Build.0 = Release|Any CPU
		{C140F8A3-DDCD-49D1-9677-CD676F9ED084}.Debug|Any CPU.ActiveCfg = Debug|Any CPU
		{C140F8A3-DDCD-49D1-9677-CD676F9ED084}.Debug|Any CPU.Build.0 = Debug|Any CPU
		{C140F8A3-DDCD-49D1-9677-CD676F9ED084}.Release|Any CPU.ActiveCfg = Release|Any CPU
		{C140F8A3-DDCD-49D1-9677-CD676F9ED084}.Release|Any CPU.Build.0 = Release|Any CPU
		{6C61479F-38D7-4441-92C9-FF3373C8972E}.Debug|Any CPU.ActiveCfg = Debug|Any CPU
		{6C61479F-38D7-4441-92C9-FF3373C8972E}.Debug|Any CPU.Build.0 = Debug|Any CPU
		{6C61479F-38D7-4441-92C9-FF3373C8972E}.Release|Any CPU.ActiveCfg = Release|Any CPU
		{6C61479F-38D7-4441-92C9-FF3373C8972E}.Release|Any CPU.Build.0 = Release|Any CPU
	EndGlobalSection
	GlobalSection(SolutionProperties) = preSolution
		HideSolutionNode = FALSE
	EndGlobalSection
	GlobalSection(ExtensibilityGlobals) = postSolution
		SolutionGuid = {9AC196AE-103D-46A4-A1D5-B060E9B09684}
	EndGlobalSection
EndGlobal
